// !$*UTF8*$!
{
	archiveVersion = 1;
	classes = {
	};
	objectVersion = 50;
	objects = {

/* Begin PBXBuildFile section */
		1DC2C8B6941E470F5E2CF49E /* Pods_Taylor.framework in Frameworks */ = {isa = PBXBuildFile; fileRef = 3FB7798015F6209DFF4D99F5 /* Pods_Taylor.framework */; };
		7EF3E9B73BB0A2FEFE623BB8 /* Pods_TaylorUITests.framework in Frameworks */ = {isa = PBXBuildFile; fileRef = 17A3E09050C68ACB55027401 /* Pods_TaylorUITests.framework */; };
		BE34B4C2231D493F005AEB5B /* Monster.swift in Sources */ = {isa = PBXBuildFile; fileRef = BE34B4C1231D493F005AEB5B /* Monster.swift */; };
		BE34B4C4231D5171005AEB5B /* FightArenaViewController.swift in Sources */ = {isa = PBXBuildFile; fileRef = BE34B4C3231D5171005AEB5B /* FightArenaViewController.swift */; };
		BE49B342231E97CE009E2E01 /* CharacterListViewController.swift in Sources */ = {isa = PBXBuildFile; fileRef = BE49B341231E97CE009E2E01 /* CharacterListViewController.swift */; };
		BE4AE4DF2321599B00F163E3 /* Random.swift in Sources */ = {isa = PBXBuildFile; fileRef = BE4AE4DE2321599B00F163E3 /* Random.swift */; };
		BE86A54E232130AA00348321 /* CharacterCell.xib in Resources */ = {isa = PBXBuildFile; fileRef = BE86A54D232130AA00348321 /* CharacterCell.xib */; };
		BE86A5502321322400348321 /* CharacterCell.swift in Sources */ = {isa = PBXBuildFile; fileRef = BE86A54F2321322400348321 /* CharacterCell.swift */; };
		E2A69A008A4196C4C424DFAE /* Pods_TaylorTests.framework in Frameworks */ = {isa = PBXBuildFile; fileRef = 89F622F93F9DFF35A6F4F82F /* Pods_TaylorTests.framework */; };
		F91ABE19231EEBF900B341A7 /* PersistentData.xcdatamodeld in Sources */ = {isa = PBXBuildFile; fileRef = F91ABE17231EEBF900B341A7 /* PersistentData.xcdatamodeld */; };
		F91ABE1B231EEE5B00B341A7 /* CoreDataUtils.swift in Sources */ = {isa = PBXBuildFile; fileRef = F91ABE1A231EEE5B00B341A7 /* CoreDataUtils.swift */; };
		F92F52B72314081C001E39B8 /* AppDelegate.swift in Sources */ = {isa = PBXBuildFile; fileRef = F92F52B62314081C001E39B8 /* AppDelegate.swift */; };
		F92F52B92314081C001E39B8 /* SceneDelegate.swift in Sources */ = {isa = PBXBuildFile; fileRef = F92F52B82314081C001E39B8 /* SceneDelegate.swift */; };
		F92F52BB2314081C001E39B8 /* ViewController.swift in Sources */ = {isa = PBXBuildFile; fileRef = F92F52BA2314081C001E39B8 /* ViewController.swift */; };
		F92F52BE2314081C001E39B8 /* Main.storyboard in Resources */ = {isa = PBXBuildFile; fileRef = F92F52BC2314081C001E39B8 /* Main.storyboard */; };
		F92F52C02314081D001E39B8 /* Assets.xcassets in Resources */ = {isa = PBXBuildFile; fileRef = F92F52BF2314081D001E39B8 /* Assets.xcassets */; };
		F92F52C32314081D001E39B8 /* LaunchScreen.storyboard in Resources */ = {isa = PBXBuildFile; fileRef = F92F52C12314081D001E39B8 /* LaunchScreen.storyboard */; };
		F92F52CE2314081D001E39B8 /* TaylorTests.swift in Sources */ = {isa = PBXBuildFile; fileRef = F92F52CD2314081D001E39B8 /* TaylorTests.swift */; };
		F92F52D92314081D001E39B8 /* TaylorUITests.swift in Sources */ = {isa = PBXBuildFile; fileRef = F92F52D82314081D001E39B8 /* TaylorUITests.swift */; };
		F92F52EB231411B5001E39B8 /* Human.swift in Sources */ = {isa = PBXBuildFile; fileRef = F92F52EA231411B5001E39B8 /* Human.swift */; };
		F9E60B222322B40600E78E17 /* ScenarioViewController.swift in Sources */ = {isa = PBXBuildFile; fileRef = F9E60B212322B40600E78E17 /* ScenarioViewController.swift */; };
		F9ECABDC2314601100A2EFB2 /* Zombi.swift in Sources */ = {isa = PBXBuildFile; fileRef = F9ECABDB2314601100A2EFB2 /* Zombi.swift */; };
		F9ECABDF2314627200A2EFB2 /* Weapon.swift in Sources */ = {isa = PBXBuildFile; fileRef = F9ECABDE2314627200A2EFB2 /* Weapon.swift */; };
		F9ECABE1231468D700A2EFB2 /* Ninja.swift in Sources */ = {isa = PBXBuildFile; fileRef = F9ECABE0231468D700A2EFB2 /* Ninja.swift */; };
		F9ECABE3231468E700A2EFB2 /* Adventurer.swift in Sources */ = {isa = PBXBuildFile; fileRef = F9ECABE2231468E700A2EFB2 /* Adventurer.swift */; };
		F9ECABE52319AAAB00A2EFB2 /* NewCharacterViewController.swift in Sources */ = {isa = PBXBuildFile; fileRef = F9ECABE42319AAAB00A2EFB2 /* NewCharacterViewController.swift */; };
/* End PBXBuildFile section */

/* Begin PBXContainerItemProxy section */
		F92F52CA2314081D001E39B8 /* PBXContainerItemProxy */ = {
			isa = PBXContainerItemProxy;
			containerPortal = F92F52AB2314081C001E39B8 /* Project object */;
			proxyType = 1;
			remoteGlobalIDString = F92F52B22314081C001E39B8;
			remoteInfo = Taylor;
		};
		F92F52D52314081D001E39B8 /* PBXContainerItemProxy */ = {
			isa = PBXContainerItemProxy;
			containerPortal = F92F52AB2314081C001E39B8 /* Project object */;
			proxyType = 1;
			remoteGlobalIDString = F92F52B22314081C001E39B8;
			remoteInfo = Taylor;
		};
/* End PBXContainerItemProxy section */

/* Begin PBXFileReference section */
		05FF0045ABCB99E4DCF77C96 /* Pods-TaylorUITests.debug.xcconfig */ = {isa = PBXFileReference; includeInIndex = 1; lastKnownFileType = text.xcconfig; name = "Pods-TaylorUITests.debug.xcconfig"; path = "Pods/Target Support Files/Pods-TaylorUITests/Pods-TaylorUITests.debug.xcconfig"; sourceTree = "<group>"; };
		17A3E09050C68ACB55027401 /* Pods_TaylorUITests.framework */ = {isa = PBXFileReference; explicitFileType = wrapper.framework; includeInIndex = 0; path = Pods_TaylorUITests.framework; sourceTree = BUILT_PRODUCTS_DIR; };
		3FB7798015F6209DFF4D99F5 /* Pods_Taylor.framework */ = {isa = PBXFileReference; explicitFileType = wrapper.framework; includeInIndex = 0; path = Pods_Taylor.framework; sourceTree = BUILT_PRODUCTS_DIR; };
		4D74A206B598F9ACBA9FD7C7 /* Pods-TaylorTests.debug.xcconfig */ = {isa = PBXFileReference; includeInIndex = 1; lastKnownFileType = text.xcconfig; name = "Pods-TaylorTests.debug.xcconfig"; path = "Pods/Target Support Files/Pods-TaylorTests/Pods-TaylorTests.debug.xcconfig"; sourceTree = "<group>"; };
		8355C2CE616AEF9D08B92227 /* Pods-TaylorUITests.release.xcconfig */ = {isa = PBXFileReference; includeInIndex = 1; lastKnownFileType = text.xcconfig; name = "Pods-TaylorUITests.release.xcconfig"; path = "Pods/Target Support Files/Pods-TaylorUITests/Pods-TaylorUITests.release.xcconfig"; sourceTree = "<group>"; };
		8356A76FA1D8ECF8830C0DC7 /* Pods-TaylorTests.release.xcconfig */ = {isa = PBXFileReference; includeInIndex = 1; lastKnownFileType = text.xcconfig; name = "Pods-TaylorTests.release.xcconfig"; path = "Pods/Target Support Files/Pods-TaylorTests/Pods-TaylorTests.release.xcconfig"; sourceTree = "<group>"; };
		88D5EC181C898736C7043299 /* Pods-Taylor.release.xcconfig */ = {isa = PBXFileReference; includeInIndex = 1; lastKnownFileType = text.xcconfig; name = "Pods-Taylor.release.xcconfig"; path = "Pods/Target Support Files/Pods-Taylor/Pods-Taylor.release.xcconfig"; sourceTree = "<group>"; };
		89F622F93F9DFF35A6F4F82F /* Pods_TaylorTests.framework */ = {isa = PBXFileReference; explicitFileType = wrapper.framework; includeInIndex = 0; path = Pods_TaylorTests.framework; sourceTree = BUILT_PRODUCTS_DIR; };
		A4CFE5000A53D3F647021D35 /* Pods-Taylor.debug.xcconfig */ = {isa = PBXFileReference; includeInIndex = 1; lastKnownFileType = text.xcconfig; name = "Pods-Taylor.debug.xcconfig"; path = "Pods/Target Support Files/Pods-Taylor/Pods-Taylor.debug.xcconfig"; sourceTree = "<group>"; };
		BE34B4C1231D493F005AEB5B /* Monster.swift */ = {isa = PBXFileReference; lastKnownFileType = sourcecode.swift; path = Monster.swift; sourceTree = SOURCE_ROOT; };
		BE34B4C3231D5171005AEB5B /* FightArenaViewController.swift */ = {isa = PBXFileReference; lastKnownFileType = sourcecode.swift; path = FightArenaViewController.swift; sourceTree = "<group>"; };
		BE49B341231E97CE009E2E01 /* CharacterListViewController.swift */ = {isa = PBXFileReference; lastKnownFileType = sourcecode.swift; path = CharacterListViewController.swift; sourceTree = "<group>"; };
		BE4AE4DE2321599B00F163E3 /* Random.swift */ = {isa = PBXFileReference; lastKnownFileType = sourcecode.swift; path = Random.swift; sourceTree = "<group>"; };
		BE86A54D232130AA00348321 /* CharacterCell.xib */ = {isa = PBXFileReference; lastKnownFileType = file.xib; path = CharacterCell.xib; sourceTree = "<group>"; };
		BE86A54F2321322400348321 /* CharacterCell.swift */ = {isa = PBXFileReference; lastKnownFileType = sourcecode.swift; path = CharacterCell.swift; sourceTree = "<group>"; };
		F91ABE18231EEBF900B341A7 /* PersistentData.xcdatamodel */ = {isa = PBXFileReference; lastKnownFileType = wrapper.xcdatamodel; path = PersistentData.xcdatamodel; sourceTree = "<group>"; };
		F91ABE1A231EEE5B00B341A7 /* CoreDataUtils.swift */ = {isa = PBXFileReference; lastKnownFileType = sourcecode.swift; path = CoreDataUtils.swift; sourceTree = "<group>"; };
		F92F52B32314081C001E39B8 /* Taylor.app */ = {isa = PBXFileReference; explicitFileType = wrapper.application; includeInIndex = 0; path = Taylor.app; sourceTree = BUILT_PRODUCTS_DIR; };
		F92F52B62314081C001E39B8 /* AppDelegate.swift */ = {isa = PBXFileReference; lastKnownFileType = sourcecode.swift; path = AppDelegate.swift; sourceTree = "<group>"; };
		F92F52B82314081C001E39B8 /* SceneDelegate.swift */ = {isa = PBXFileReference; lastKnownFileType = sourcecode.swift; path = SceneDelegate.swift; sourceTree = "<group>"; };
		F92F52BA2314081C001E39B8 /* ViewController.swift */ = {isa = PBXFileReference; lastKnownFileType = sourcecode.swift; name = ViewController.swift; path = Taylor/Controller/ViewController.swift; sourceTree = SOURCE_ROOT; };
		F92F52BD2314081C001E39B8 /* Base */ = {isa = PBXFileReference; lastKnownFileType = file.storyboard; name = Base; path = Base.lproj/Main.storyboard; sourceTree = "<group>"; };
		F92F52BF2314081D001E39B8 /* Assets.xcassets */ = {isa = PBXFileReference; lastKnownFileType = folder.assetcatalog; path = Assets.xcassets; sourceTree = "<group>"; };
		F92F52C22314081D001E39B8 /* Base */ = {isa = PBXFileReference; lastKnownFileType = file.storyboard; name = Base; path = Base.lproj/LaunchScreen.storyboard; sourceTree = "<group>"; };
		F92F52C42314081D001E39B8 /* Info.plist */ = {isa = PBXFileReference; lastKnownFileType = text.plist.xml; path = Info.plist; sourceTree = "<group>"; };
		F92F52C92314081D001E39B8 /* TaylorTests.xctest */ = {isa = PBXFileReference; explicitFileType = wrapper.cfbundle; includeInIndex = 0; path = TaylorTests.xctest; sourceTree = BUILT_PRODUCTS_DIR; };
		F92F52CD2314081D001E39B8 /* TaylorTests.swift */ = {isa = PBXFileReference; lastKnownFileType = sourcecode.swift; path = TaylorTests.swift; sourceTree = "<group>"; };
		F92F52CF2314081D001E39B8 /* Info.plist */ = {isa = PBXFileReference; lastKnownFileType = text.plist.xml; path = Info.plist; sourceTree = "<group>"; };
		F92F52D42314081D001E39B8 /* TaylorUITests.xctest */ = {isa = PBXFileReference; explicitFileType = wrapper.cfbundle; includeInIndex = 0; path = TaylorUITests.xctest; sourceTree = BUILT_PRODUCTS_DIR; };
		F92F52D82314081D001E39B8 /* TaylorUITests.swift */ = {isa = PBXFileReference; lastKnownFileType = sourcecode.swift; path = TaylorUITests.swift; sourceTree = "<group>"; };
		F92F52DA2314081D001E39B8 /* Info.plist */ = {isa = PBXFileReference; lastKnownFileType = text.plist.xml; path = Info.plist; sourceTree = "<group>"; };
		F92F52EA231411B5001E39B8 /* Human.swift */ = {isa = PBXFileReference; lastKnownFileType = sourcecode.swift; name = Human.swift; path = Taylor/Models/Player/Human.swift; sourceTree = SOURCE_ROOT; };
		F9E60B212322B40600E78E17 /* ScenarioViewController.swift */ = {isa = PBXFileReference; lastKnownFileType = sourcecode.swift; path = ScenarioViewController.swift; sourceTree = "<group>"; };
		F9ECABDB2314601100A2EFB2 /* Zombi.swift */ = {isa = PBXFileReference; lastKnownFileType = sourcecode.swift; path = Zombi.swift; sourceTree = "<group>"; };
		F9ECABDE2314627200A2EFB2 /* Weapon.swift */ = {isa = PBXFileReference; lastKnownFileType = sourcecode.swift; path = Weapon.swift; sourceTree = "<group>"; };
		F9ECABE0231468D700A2EFB2 /* Ninja.swift */ = {isa = PBXFileReference; lastKnownFileType = sourcecode.swift; path = Ninja.swift; sourceTree = "<group>"; };
		F9ECABE2231468E700A2EFB2 /* Adventurer.swift */ = {isa = PBXFileReference; lastKnownFileType = sourcecode.swift; path = Adventurer.swift; sourceTree = "<group>"; };
		F9ECABE42319AAAB00A2EFB2 /* NewCharacterViewController.swift */ = {isa = PBXFileReference; lastKnownFileType = sourcecode.swift; path = NewCharacterViewController.swift; sourceTree = "<group>"; };
/* End PBXFileReference section */

/* Begin PBXFrameworksBuildPhase section */
		F92F52B02314081C001E39B8 /* Frameworks */ = {
			isa = PBXFrameworksBuildPhase;
			buildActionMask = 2147483647;
			files = (
				1DC2C8B6941E470F5E2CF49E /* Pods_Taylor.framework in Frameworks */,
			);
			runOnlyForDeploymentPostprocessing = 0;
		};
		F92F52C62314081D001E39B8 /* Frameworks */ = {
			isa = PBXFrameworksBuildPhase;
			buildActionMask = 2147483647;
			files = (
				E2A69A008A4196C4C424DFAE /* Pods_TaylorTests.framework in Frameworks */,
			);
			runOnlyForDeploymentPostprocessing = 0;
		};
		F92F52D12314081D001E39B8 /* Frameworks */ = {
			isa = PBXFrameworksBuildPhase;
			buildActionMask = 2147483647;
			files = (
				7EF3E9B73BB0A2FEFE623BB8 /* Pods_TaylorUITests.framework in Frameworks */,
			);
			runOnlyForDeploymentPostprocessing = 0;
		};
/* End PBXFrameworksBuildPhase section */

/* Begin PBXGroup section */
		BE4AE4DD2321598400F163E3 /* utils */ = {
			isa = PBXGroup;
			children = (
				BE4AE4DE2321599B00F163E3 /* Random.swift */,
			);
			path = utils;
			sourceTree = "<group>";
		};
		D1F43CED7AF7FC5D4F8086B0 /* Frameworks */ = {
			isa = PBXGroup;
			children = (
				3FB7798015F6209DFF4D99F5 /* Pods_Taylor.framework */,
				89F622F93F9DFF35A6F4F82F /* Pods_TaylorTests.framework */,
				17A3E09050C68ACB55027401 /* Pods_TaylorUITests.framework */,
			);
			name = Frameworks;
			sourceTree = "<group>";
		};
		E99AC0597F7EE606D1A08A4D /* Pods */ = {
			isa = PBXGroup;
			children = (
				A4CFE5000A53D3F647021D35 /* Pods-Taylor.debug.xcconfig */,
				88D5EC181C898736C7043299 /* Pods-Taylor.release.xcconfig */,
				4D74A206B598F9ACBA9FD7C7 /* Pods-TaylorTests.debug.xcconfig */,
				8356A76FA1D8ECF8830C0DC7 /* Pods-TaylorTests.release.xcconfig */,
				05FF0045ABCB99E4DCF77C96 /* Pods-TaylorUITests.debug.xcconfig */,
				8355C2CE616AEF9D08B92227 /* Pods-TaylorUITests.release.xcconfig */,
			);
			name = Pods;
			sourceTree = "<group>";
		};
		F91ABE16231EEBCF00B341A7 /* Persistent */ = {
			isa = PBXGroup;
			children = (
				F91ABE17231EEBF900B341A7 /* PersistentData.xcdatamodeld */,
				F91ABE1A231EEE5B00B341A7 /* CoreDataUtils.swift */,
			);
			path = Persistent;
			sourceTree = "<group>";
		};
		F92F52AA2314081C001E39B8 = {
			isa = PBXGroup;
			children = (
				F92F52B52314081C001E39B8 /* Taylor */,
				F92F52CC2314081D001E39B8 /* TaylorTests */,
				F92F52D72314081D001E39B8 /* TaylorUITests */,
				F92F52B42314081C001E39B8 /* Products */,
				E99AC0597F7EE606D1A08A4D /* Pods */,
				D1F43CED7AF7FC5D4F8086B0 /* Frameworks */,
			);
			sourceTree = "<group>";
		};
		F92F52B42314081C001E39B8 /* Products */ = {
			isa = PBXGroup;
			children = (
				F92F52B32314081C001E39B8 /* Taylor.app */,
				F92F52C92314081D001E39B8 /* TaylorTests.xctest */,
				F92F52D42314081D001E39B8 /* TaylorUITests.xctest */,
			);
			name = Products;
			sourceTree = "<group>";
		};
		F92F52B52314081C001E39B8 /* Taylor */ = {
			isa = PBXGroup;
			children = (
				BE4AE4DD2321598400F163E3 /* utils */,
				F91ABE16231EEBCF00B341A7 /* Persistent */,
				F92F52E623140F25001E39B8 /* Models */,
				F92F52E723140F40001E39B8 /* Vue */,
				F92F52E823140F5C001E39B8 /* Controller */,
				F92F52B62314081C001E39B8 /* AppDelegate.swift */,
				F92F52BF2314081D001E39B8 /* Assets.xcassets */,
				F92F52C42314081D001E39B8 /* Info.plist */,
			);
			path = Taylor;
			sourceTree = "<group>";
		};
		F92F52CC2314081D001E39B8 /* TaylorTests */ = {
			isa = PBXGroup;
			children = (
				F92F52CD2314081D001E39B8 /* TaylorTests.swift */,
				F92F52CF2314081D001E39B8 /* Info.plist */,
			);
			path = TaylorTests;
			sourceTree = "<group>";
		};
		F92F52D72314081D001E39B8 /* TaylorUITests */ = {
			isa = PBXGroup;
			children = (
				F92F52D82314081D001E39B8 /* TaylorUITests.swift */,
				F92F52DA2314081D001E39B8 /* Info.plist */,
			);
			path = TaylorUITests;
			sourceTree = "<group>";
		};
		F92F52E623140F25001E39B8 /* Models */ = {
			isa = PBXGroup;
			children = (
				F9ECABDD2314614100A2EFB2 /* items */,
				F92F52ED23142555001E39B8 /* Monster */,
				F92F52EC23142505001E39B8 /* Player */,
			);
			path = Models;
			sourceTree = "<group>";
		};
		F92F52E723140F40001E39B8 /* Vue */ = {
			isa = PBXGroup;
			children = (
				F92F52C12314081D001E39B8 /* LaunchScreen.storyboard */,
				F92F52BC2314081C001E39B8 /* Main.storyboard */,
				BE86A54D232130AA00348321 /* CharacterCell.xib */,
				BE86A54F2321322400348321 /* CharacterCell.swift */,
			);
			path = Vue;
			sourceTree = "<group>";
		};
		F92F52E823140F5C001E39B8 /* Controller */ = {
			isa = PBXGroup;
			children = (
				F9ECABE42319AAAB00A2EFB2 /* NewCharacterViewController.swift */,
				F92F52BA2314081C001E39B8 /* ViewController.swift */,
				F92F52B82314081C001E39B8 /* SceneDelegate.swift */,
				BE34B4C3231D5171005AEB5B /* FightArenaViewController.swift */,
				BE49B341231E97CE009E2E01 /* CharacterListViewController.swift */,
				F9E60B212322B40600E78E17 /* ScenarioViewController.swift */,
			);
			path = Controller;
			sourceTree = "<group>";
		};
		F92F52EC23142505001E39B8 /* Player */ = {
			isa = PBXGroup;
			children = (
				F92F52EA231411B5001E39B8 /* Human.swift */,
				F9ECABDB2314601100A2EFB2 /* Zombi.swift */,
				F9ECABE0231468D700A2EFB2 /* Ninja.swift */,
				F9ECABE2231468E700A2EFB2 /* Adventurer.swift */,
			);
			path = Player;
			sourceTree = "<group>";
		};
		F92F52ED23142555001E39B8 /* Monster */ = {
			isa = PBXGroup;
			children = (
				BE34B4C1231D493F005AEB5B /* Monster.swift */,
			);
			path = Monster;
			sourceTree = "<group>";
		};
		F9ECABDD2314614100A2EFB2 /* items */ = {
			isa = PBXGroup;
			children = (
				F9ECABDE2314627200A2EFB2 /* Weapon.swift */,
			);
			path = items;
			sourceTree = "<group>";
		};
/* End PBXGroup section */

/* Begin PBXNativeTarget section */
		F92F52B22314081C001E39B8 /* Taylor */ = {
			isa = PBXNativeTarget;
			buildConfigurationList = F92F52DD2314081D001E39B8 /* Build configuration list for PBXNativeTarget "Taylor" */;
			buildPhases = (
				36D7BA338C0B79F67C361A99 /* [CP] Check Pods Manifest.lock */,
				F92F52AF2314081C001E39B8 /* Sources */,
				F92F52B02314081C001E39B8 /* Frameworks */,
				F92F52B12314081C001E39B8 /* Resources */,
				6592D48ED7E7B79971340AD4 /* [CP] Embed Pods Frameworks */,
				A06FCD2EB074F589910CDD1D /* [CP] Copy Pods Resources */,
			);
			buildRules = (
			);
			dependencies = (
			);
			name = Taylor;
			productName = Taylor;
			productReference = F92F52B32314081C001E39B8 /* Taylor.app */;
			productType = "com.apple.product-type.application";
		};
		F92F52C82314081D001E39B8 /* TaylorTests */ = {
			isa = PBXNativeTarget;
			buildConfigurationList = F92F52E02314081D001E39B8 /* Build configuration list for PBXNativeTarget "TaylorTests" */;
			buildPhases = (
				7E64C9D8005B8A41163E0399 /* [CP] Check Pods Manifest.lock */,
				F92F52C52314081D001E39B8 /* Sources */,
				F92F52C62314081D001E39B8 /* Frameworks */,
				F92F52C72314081D001E39B8 /* Resources */,
				3A386D73876EB7B153F53C9A /* [CP] Embed Pods Frameworks */,
				A1CFB5F272AE31B1B8A69450 /* [CP] Copy Pods Resources */,
			);
			buildRules = (
			);
			dependencies = (
				F92F52CB2314081D001E39B8 /* PBXTargetDependency */,
			);
			name = TaylorTests;
			productName = TaylorTests;
			productReference = F92F52C92314081D001E39B8 /* TaylorTests.xctest */;
			productType = "com.apple.product-type.bundle.unit-test";
		};
		F92F52D32314081D001E39B8 /* TaylorUITests */ = {
			isa = PBXNativeTarget;
			buildConfigurationList = F92F52E32314081D001E39B8 /* Build configuration list for PBXNativeTarget "TaylorUITests" */;
			buildPhases = (
				FB8CF44ECB6F02BD89E69F57 /* [CP] Check Pods Manifest.lock */,
				F92F52D02314081D001E39B8 /* Sources */,
				F92F52D12314081D001E39B8 /* Frameworks */,
				F92F52D22314081D001E39B8 /* Resources */,
				55A63F126A7D4B75A8F70EEC /* [CP] Embed Pods Frameworks */,
				FCA156881F8619E30CA654AB /* [CP] Copy Pods Resources */,
			);
			buildRules = (
			);
			dependencies = (
				F92F52D62314081D001E39B8 /* PBXTargetDependency */,
			);
			name = TaylorUITests;
			productName = TaylorUITests;
			productReference = F92F52D42314081D001E39B8 /* TaylorUITests.xctest */;
			productType = "com.apple.product-type.bundle.ui-testing";
		};
/* End PBXNativeTarget section */

/* Begin PBXProject section */
		F92F52AB2314081C001E39B8 /* Project object */ = {
			isa = PBXProject;
			attributes = {
				LastSwiftUpdateCheck = 1100;
				LastUpgradeCheck = 1100;
				ORGANIZATIONNAME = "Julien Ficerai";
				TargetAttributes = {
					F92F52B22314081C001E39B8 = {
						CreatedOnToolsVersion = 11.0;
					};
					F92F52C82314081D001E39B8 = {
						CreatedOnToolsVersion = 11.0;
						TestTargetID = F92F52B22314081C001E39B8;
					};
					F92F52D32314081D001E39B8 = {
						CreatedOnToolsVersion = 11.0;
						TestTargetID = F92F52B22314081C001E39B8;
					};
				};
			};
			buildConfigurationList = F92F52AE2314081C001E39B8 /* Build configuration list for PBXProject "Taylor" */;
			compatibilityVersion = "Xcode 9.3";
			developmentRegion = en;
			hasScannedForEncodings = 0;
			knownRegions = (
				en,
				Base,
			);
			mainGroup = F92F52AA2314081C001E39B8;
			productRefGroup = F92F52B42314081C001E39B8 /* Products */;
			projectDirPath = "";
			projectRoot = "";
			targets = (
				F92F52B22314081C001E39B8 /* Taylor */,
				F92F52C82314081D001E39B8 /* TaylorTests */,
				F92F52D32314081D001E39B8 /* TaylorUITests */,
			);
		};
/* End PBXProject section */

/* Begin PBXResourcesBuildPhase section */
		F92F52B12314081C001E39B8 /* Resources */ = {
			isa = PBXResourcesBuildPhase;
			buildActionMask = 2147483647;
			files = (
				F92F52C32314081D001E39B8 /* LaunchScreen.storyboard in Resources */,
				F92F52C02314081D001E39B8 /* Assets.xcassets in Resources */,
				F92F52BE2314081C001E39B8 /* Main.storyboard in Resources */,
				BE86A54E232130AA00348321 /* CharacterCell.xib in Resources */,
			);
			runOnlyForDeploymentPostprocessing = 0;
		};
		F92F52C72314081D001E39B8 /* Resources */ = {
			isa = PBXResourcesBuildPhase;
			buildActionMask = 2147483647;
			files = (
			);
			runOnlyForDeploymentPostprocessing = 0;
		};
		F92F52D22314081D001E39B8 /* Resources */ = {
			isa = PBXResourcesBuildPhase;
			buildActionMask = 2147483647;
			files = (
			);
			runOnlyForDeploymentPostprocessing = 0;
		};
/* End PBXResourcesBuildPhase section */

/* Begin PBXShellScriptBuildPhase section */
		36D7BA338C0B79F67C361A99 /* [CP] Check Pods Manifest.lock */ = {
			isa = PBXShellScriptBuildPhase;
			buildActionMask = 2147483647;
			files = (
			);
			inputPaths = (
				"${PODS_PODFILE_DIR_PATH}/Podfile.lock",
				"${PODS_ROOT}/Manifest.lock",
			);
			name = "[CP] Check Pods Manifest.lock";
			outputPaths = (
				"$(DERIVED_FILE_DIR)/Pods-Taylor-checkManifestLockResult.txt",
			);
			runOnlyForDeploymentPostprocessing = 0;
			shellPath = /bin/sh;
			shellScript = "diff \"${PODS_PODFILE_DIR_PATH}/Podfile.lock\" \"${PODS_ROOT}/Manifest.lock\" > /dev/null\nif [ $? != 0 ] ; then\n    # print error to STDERR\n    echo \"error: The sandbox is not in sync with the Podfile.lock. Run 'pod install' or update your CocoaPods installation.\" >&2\n    exit 1\nfi\n# This output is used by Xcode 'outputs' to avoid re-running this script phase.\necho \"SUCCESS\" > \"${SCRIPT_OUTPUT_FILE_0}\"\n";
			showEnvVarsInLog = 0;
		};
		3A386D73876EB7B153F53C9A /* [CP] Embed Pods Frameworks */ = {
			isa = PBXShellScriptBuildPhase;
			buildActionMask = 2147483647;
			files = (
			);
			inputPaths = (
			);
			name = "[CP] Embed Pods Frameworks";
			outputPaths = (
			);
			runOnlyForDeploymentPostprocessing = 0;
			shellPath = /bin/sh;
			shellScript = "\"${SRCROOT}/Pods/Target Support Files/Pods-TaylorTests/Pods-TaylorTests-frameworks.sh\"\n";
			showEnvVarsInLog = 0;
		};
		55A63F126A7D4B75A8F70EEC /* [CP] Embed Pods Frameworks */ = {
			isa = PBXShellScriptBuildPhase;
			buildActionMask = 2147483647;
			files = (
			);
			inputPaths = (
			);
			name = "[CP] Embed Pods Frameworks";
			outputPaths = (
			);
			runOnlyForDeploymentPostprocessing = 0;
			shellPath = /bin/sh;
			shellScript = "\"${SRCROOT}/Pods/Target Support Files/Pods-TaylorUITests/Pods-TaylorUITests-frameworks.sh\"\n";
			showEnvVarsInLog = 0;
		};
		6592D48ED7E7B79971340AD4 /* [CP] Embed Pods Frameworks */ = {
			isa = PBXShellScriptBuildPhase;
			buildActionMask = 2147483647;
			files = (
			);
			inputPaths = (
				"${SRCROOT}/Pods/Target Support Files/Pods-Taylor/Pods-Taylor-frameworks.sh",
				"${BUILT_PRODUCTS_DIR}/SwiftGifOrigin/SwiftGifOrigin.framework",
			);
			name = "[CP] Embed Pods Frameworks";
			outputPaths = (
				"${TARGET_BUILD_DIR}/${FRAMEWORKS_FOLDER_PATH}/SwiftGifOrigin.framework",
			);
			runOnlyForDeploymentPostprocessing = 0;
			shellPath = /bin/sh;
			shellScript = "\"${SRCROOT}/Pods/Target Support Files/Pods-Taylor/Pods-Taylor-frameworks.sh\"\n";
			showEnvVarsInLog = 0;
		};
		7E64C9D8005B8A41163E0399 /* [CP] Check Pods Manifest.lock */ = {
			isa = PBXShellScriptBuildPhase;
			buildActionMask = 2147483647;
			files = (
			);
			inputPaths = (
				"${PODS_PODFILE_DIR_PATH}/Podfile.lock",
				"${PODS_ROOT}/Manifest.lock",
			);
			name = "[CP] Check Pods Manifest.lock";
			outputPaths = (
				"$(DERIVED_FILE_DIR)/Pods-TaylorTests-checkManifestLockResult.txt",
			);
			runOnlyForDeploymentPostprocessing = 0;
			shellPath = /bin/sh;
			shellScript = "diff \"${PODS_PODFILE_DIR_PATH}/Podfile.lock\" \"${PODS_ROOT}/Manifest.lock\" > /dev/null\nif [ $? != 0 ] ; then\n    # print error to STDERR\n    echo \"error: The sandbox is not in sync with the Podfile.lock. Run 'pod install' or update your CocoaPods installation.\" >&2\n    exit 1\nfi\n# This output is used by Xcode 'outputs' to avoid re-running this script phase.\necho \"SUCCESS\" > \"${SCRIPT_OUTPUT_FILE_0}\"\n";
			showEnvVarsInLog = 0;
		};
		A06FCD2EB074F589910CDD1D /* [CP] Copy Pods Resources */ = {
			isa = PBXShellScriptBuildPhase;
			buildActionMask = 2147483647;
			files = (
			);
			inputPaths = (
			);
			name = "[CP] Copy Pods Resources";
			outputPaths = (
			);
			runOnlyForDeploymentPostprocessing = 0;
			shellPath = /bin/sh;
			shellScript = "\"${SRCROOT}/Pods/Target Support Files/Pods-Taylor/Pods-Taylor-resources.sh\"\n";
			showEnvVarsInLog = 0;
		};
		A1CFB5F272AE31B1B8A69450 /* [CP] Copy Pods Resources */ = {
			isa = PBXShellScriptBuildPhase;
			buildActionMask = 2147483647;
			files = (
			);
			inputPaths = (
			);
			name = "[CP] Copy Pods Resources";
			outputPaths = (
			);
			runOnlyForDeploymentPostprocessing = 0;
			shellPath = /bin/sh;
			shellScript = "\"${SRCROOT}/Pods/Target Support Files/Pods-TaylorTests/Pods-TaylorTests-resources.sh\"\n";
			showEnvVarsInLog = 0;
		};
		FB8CF44ECB6F02BD89E69F57 /* [CP] Check Pods Manifest.lock */ = {
			isa = PBXShellScriptBuildPhase;
			buildActionMask = 2147483647;
			files = (
			);
			inputPaths = (
				"${PODS_PODFILE_DIR_PATH}/Podfile.lock",
				"${PODS_ROOT}/Manifest.lock",
			);
			name = "[CP] Check Pods Manifest.lock";
			outputPaths = (
				"$(DERIVED_FILE_DIR)/Pods-TaylorUITests-checkManifestLockResult.txt",
			);
			runOnlyForDeploymentPostprocessing = 0;
			shellPath = /bin/sh;
			shellScript = "diff \"${PODS_PODFILE_DIR_PATH}/Podfile.lock\" \"${PODS_ROOT}/Manifest.lock\" > /dev/null\nif [ $? != 0 ] ; then\n    # print error to STDERR\n    echo \"error: The sandbox is not in sync with the Podfile.lock. Run 'pod install' or update your CocoaPods installation.\" >&2\n    exit 1\nfi\n# This output is used by Xcode 'outputs' to avoid re-running this script phase.\necho \"SUCCESS\" > \"${SCRIPT_OUTPUT_FILE_0}\"\n";
			showEnvVarsInLog = 0;
		};
		FCA156881F8619E30CA654AB /* [CP] Copy Pods Resources */ = {
			isa = PBXShellScriptBuildPhase;
			buildActionMask = 2147483647;
			files = (
			);
			inputPaths = (
			);
			name = "[CP] Copy Pods Resources";
			outputPaths = (
			);
			runOnlyForDeploymentPostprocessing = 0;
			shellPath = /bin/sh;
			shellScript = "\"${SRCROOT}/Pods/Target Support Files/Pods-TaylorUITests/Pods-TaylorUITests-resources.sh\"\n";
			showEnvVarsInLog = 0;
		};
/* End PBXShellScriptBuildPhase section */

/* Begin PBXSourcesBuildPhase section */
		F92F52AF2314081C001E39B8 /* Sources */ = {
			isa = PBXSourcesBuildPhase;
			buildActionMask = 2147483647;
			files = (
				F92F52BB2314081C001E39B8 /* ViewController.swift in Sources */,
				F92F52B72314081C001E39B8 /* AppDelegate.swift in Sources */,
				BE34B4C4231D5171005AEB5B /* FightArenaViewController.swift in Sources */,
				F9ECABE3231468E700A2EFB2 /* Adventurer.swift in Sources */,
				BE49B342231E97CE009E2E01 /* CharacterListViewController.swift in Sources */,
				F9ECABE52319AAAB00A2EFB2 /* NewCharacterViewController.swift in Sources */,
				F92F52B92314081C001E39B8 /* SceneDelegate.swift in Sources */,
				F9ECABDF2314627200A2EFB2 /* Weapon.swift in Sources */,
				BE4AE4DF2321599B00F163E3 /* Random.swift in Sources */,
				F9E60B222322B40600E78E17 /* ScenarioViewController.swift in Sources */,
				F91ABE1B231EEE5B00B341A7 /* CoreDataUtils.swift in Sources */,
				F9ECABE1231468D700A2EFB2 /* Ninja.swift in Sources */,
				F91ABE19231EEBF900B341A7 /* PersistentData.xcdatamodeld in Sources */,
				F92F52EB231411B5001E39B8 /* Human.swift in Sources */,
				F9ECABDC2314601100A2EFB2 /* Zombi.swift in Sources */,
				BE34B4C2231D493F005AEB5B /* Monster.swift in Sources */,
				BE86A5502321322400348321 /* CharacterCell.swift in Sources */,
			);
			runOnlyForDeploymentPostprocessing = 0;
		};
		F92F52C52314081D001E39B8 /* Sources */ = {
			isa = PBXSourcesBuildPhase;
			buildActionMask = 2147483647;
			files = (
				F92F52CE2314081D001E39B8 /* TaylorTests.swift in Sources */,
			);
			runOnlyForDeploymentPostprocessing = 0;
		};
		F92F52D02314081D001E39B8 /* Sources */ = {
			isa = PBXSourcesBuildPhase;
			buildActionMask = 2147483647;
			files = (
				F92F52D92314081D001E39B8 /* TaylorUITests.swift in Sources */,
			);
			runOnlyForDeploymentPostprocessing = 0;
		};
/* End PBXSourcesBuildPhase section */

/* Begin PBXTargetDependency section */
		F92F52CB2314081D001E39B8 /* PBXTargetDependency */ = {
			isa = PBXTargetDependency;
			target = F92F52B22314081C001E39B8 /* Taylor */;
			targetProxy = F92F52CA2314081D001E39B8 /* PBXContainerItemProxy */;
		};
		F92F52D62314081D001E39B8 /* PBXTargetDependency */ = {
			isa = PBXTargetDependency;
			target = F92F52B22314081C001E39B8 /* Taylor */;
			targetProxy = F92F52D52314081D001E39B8 /* PBXContainerItemProxy */;
		};
/* End PBXTargetDependency section */

/* Begin PBXVariantGroup section */
		F92F52BC2314081C001E39B8 /* Main.storyboard */ = {
			isa = PBXVariantGroup;
			children = (
				F92F52BD2314081C001E39B8 /* Base */,
			);
			name = Main.storyboard;
			sourceTree = "<group>";
		};
		F92F52C12314081D001E39B8 /* LaunchScreen.storyboard */ = {
			isa = PBXVariantGroup;
			children = (
				F92F52C22314081D001E39B8 /* Base */,
			);
			name = LaunchScreen.storyboard;
			sourceTree = "<group>";
		};
/* End PBXVariantGroup section */

/* Begin XCBuildConfiguration section */
		F92F52DB2314081D001E39B8 /* Debug */ = {
			isa = XCBuildConfiguration;
			buildSettings = {
				ALWAYS_SEARCH_USER_PATHS = NO;
				CLANG_ANALYZER_NONNULL = YES;
				CLANG_ANALYZER_NUMBER_OBJECT_CONVERSION = YES_AGGRESSIVE;
				CLANG_CXX_LANGUAGE_STANDARD = "gnu++14";
				CLANG_CXX_LIBRARY = "libc++";
				CLANG_ENABLE_MODULES = YES;
				CLANG_ENABLE_OBJC_ARC = YES;
				CLANG_ENABLE_OBJC_WEAK = YES;
				CLANG_WARN_BLOCK_CAPTURE_AUTORELEASING = YES;
				CLANG_WARN_BOOL_CONVERSION = YES;
				CLANG_WARN_COMMA = YES;
				CLANG_WARN_CONSTANT_CONVERSION = YES;
				CLANG_WARN_DEPRECATED_OBJC_IMPLEMENTATIONS = YES;
				CLANG_WARN_DIRECT_OBJC_ISA_USAGE = YES_ERROR;
				CLANG_WARN_DOCUMENTATION_COMMENTS = YES;
				CLANG_WARN_EMPTY_BODY = YES;
				CLANG_WARN_ENUM_CONVERSION = YES;
				CLANG_WARN_INFINITE_RECURSION = YES;
				CLANG_WARN_INT_CONVERSION = YES;
				CLANG_WARN_NON_LITERAL_NULL_CONVERSION = YES;
				CLANG_WARN_OBJC_IMPLICIT_RETAIN_SELF = YES;
				CLANG_WARN_OBJC_LITERAL_CONVERSION = YES;
				CLANG_WARN_OBJC_ROOT_CLASS = YES_ERROR;
				CLANG_WARN_RANGE_LOOP_ANALYSIS = YES;
				CLANG_WARN_STRICT_PROTOTYPES = YES;
				CLANG_WARN_SUSPICIOUS_MOVE = YES;
				CLANG_WARN_UNGUARDED_AVAILABILITY = YES_AGGRESSIVE;
				CLANG_WARN_UNREACHABLE_CODE = YES;
				CLANG_WARN__DUPLICATE_METHOD_MATCH = YES;
				COPY_PHASE_STRIP = NO;
				DEBUG_INFORMATION_FORMAT = dwarf;
				ENABLE_STRICT_OBJC_MSGSEND = YES;
				ENABLE_TESTABILITY = YES;
				GCC_C_LANGUAGE_STANDARD = gnu11;
				GCC_DYNAMIC_NO_PIC = NO;
				GCC_NO_COMMON_BLOCKS = YES;
				GCC_OPTIMIZATION_LEVEL = 0;
				GCC_PREPROCESSOR_DEFINITIONS = (
					"DEBUG=1",
					"$(inherited)",
				);
				GCC_WARN_64_TO_32_BIT_CONVERSION = YES;
				GCC_WARN_ABOUT_RETURN_TYPE = YES_ERROR;
				GCC_WARN_UNDECLARED_SELECTOR = YES;
				GCC_WARN_UNINITIALIZED_AUTOS = YES_AGGRESSIVE;
				GCC_WARN_UNUSED_FUNCTION = YES;
				GCC_WARN_UNUSED_VARIABLE = YES;
				IPHONEOS_DEPLOYMENT_TARGET = 13.0;
				MTL_ENABLE_DEBUG_INFO = INCLUDE_SOURCE;
				MTL_FAST_MATH = YES;
				ONLY_ACTIVE_ARCH = YES;
				SDKROOT = iphoneos;
				SWIFT_ACTIVE_COMPILATION_CONDITIONS = DEBUG;
				SWIFT_OPTIMIZATION_LEVEL = "-Onone";
			};
			name = Debug;
		};
		F92F52DC2314081D001E39B8 /* Release */ = {
			isa = XCBuildConfiguration;
			buildSettings = {
				ALWAYS_SEARCH_USER_PATHS = NO;
				CLANG_ANALYZER_NONNULL = YES;
				CLANG_ANALYZER_NUMBER_OBJECT_CONVERSION = YES_AGGRESSIVE;
				CLANG_CXX_LANGUAGE_STANDARD = "gnu++14";
				CLANG_CXX_LIBRARY = "libc++";
				CLANG_ENABLE_MODULES = YES;
				CLANG_ENABLE_OBJC_ARC = YES;
				CLANG_ENABLE_OBJC_WEAK = YES;
				CLANG_WARN_BLOCK_CAPTURE_AUTORELEASING = YES;
				CLANG_WARN_BOOL_CONVERSION = YES;
				CLANG_WARN_COMMA = YES;
				CLANG_WARN_CONSTANT_CONVERSION = YES;
				CLANG_WARN_DEPRECATED_OBJC_IMPLEMENTATIONS = YES;
				CLANG_WARN_DIRECT_OBJC_ISA_USAGE = YES_ERROR;
				CLANG_WARN_DOCUMENTATION_COMMENTS = YES;
				CLANG_WARN_EMPTY_BODY = YES;
				CLANG_WARN_ENUM_CONVERSION = YES;
				CLANG_WARN_INFINITE_RECURSION = YES;
				CLANG_WARN_INT_CONVERSION = YES;
				CLANG_WARN_NON_LITERAL_NULL_CONVERSION = YES;
				CLANG_WARN_OBJC_IMPLICIT_RETAIN_SELF = YES;
				CLANG_WARN_OBJC_LITERAL_CONVERSION = YES;
				CLANG_WARN_OBJC_ROOT_CLASS = YES_ERROR;
				CLANG_WARN_RANGE_LOOP_ANALYSIS = YES;
				CLANG_WARN_STRICT_PROTOTYPES = YES;
				CLANG_WARN_SUSPICIOUS_MOVE = YES;
				CLANG_WARN_UNGUARDED_AVAILABILITY = YES_AGGRESSIVE;
				CLANG_WARN_UNREACHABLE_CODE = YES;
				CLANG_WARN__DUPLICATE_METHOD_MATCH = YES;
				COPY_PHASE_STRIP = NO;
				DEBUG_INFORMATION_FORMAT = "dwarf-with-dsym";
				ENABLE_NS_ASSERTIONS = NO;
				ENABLE_STRICT_OBJC_MSGSEND = YES;
				GCC_C_LANGUAGE_STANDARD = gnu11;
				GCC_NO_COMMON_BLOCKS = YES;
				GCC_WARN_64_TO_32_BIT_CONVERSION = YES;
				GCC_WARN_ABOUT_RETURN_TYPE = YES_ERROR;
				GCC_WARN_UNDECLARED_SELECTOR = YES;
				GCC_WARN_UNINITIALIZED_AUTOS = YES_AGGRESSIVE;
				GCC_WARN_UNUSED_FUNCTION = YES;
				GCC_WARN_UNUSED_VARIABLE = YES;
				IPHONEOS_DEPLOYMENT_TARGET = 13.0;
				MTL_ENABLE_DEBUG_INFO = NO;
				MTL_FAST_MATH = YES;
				SDKROOT = iphoneos;
				SWIFT_COMPILATION_MODE = wholemodule;
				SWIFT_OPTIMIZATION_LEVEL = "-O";
				VALIDATE_PRODUCT = YES;
			};
			name = Release;
		};
		F92F52DE2314081D001E39B8 /* Debug */ = {
			isa = XCBuildConfiguration;
			baseConfigurationReference = A4CFE5000A53D3F647021D35 /* Pods-Taylor.debug.xcconfig */;
			buildSettings = {
				ASSETCATALOG_COMPILER_APPICON_NAME = AppIcon;
				CODE_SIGN_STYLE = Automatic;
				DEVELOPMENT_TEAM = QS9CBB5Y5P;
				INFOPLIST_FILE = Taylor/Info.plist;
				LD_RUNPATH_SEARCH_PATHS = (
					"$(inherited)",
					"@executable_path/Frameworks",
				);
				PRODUCT_BUNDLE_IDENTIFIER = com.projetPerso.Taylor;
				PRODUCT_NAME = "$(TARGET_NAME)";
				SWIFT_VERSION = 5.0;
				TARGETED_DEVICE_FAMILY = "1,2";
			};
			name = Debug;
		};
		F92F52DF2314081D001E39B8 /* Release */ = {
			isa = XCBuildConfiguration;
			baseConfigurationReference = 88D5EC181C898736C7043299 /* Pods-Taylor.release.xcconfig */;
			buildSettings = {
				ASSETCATALOG_COMPILER_APPICON_NAME = AppIcon;
				CODE_SIGN_STYLE = Automatic;
				DEVELOPMENT_TEAM = QS9CBB5Y5P;
				INFOPLIST_FILE = Taylor/Info.plist;
				LD_RUNPATH_SEARCH_PATHS = (
					"$(inherited)",
					"@executable_path/Frameworks",
				);
				PRODUCT_BUNDLE_IDENTIFIER = com.projetPerso.Taylor;
				PRODUCT_NAME = "$(TARGET_NAME)";
				SWIFT_VERSION = 5.0;
				TARGETED_DEVICE_FAMILY = "1,2";
			};
			name = Release;
		};
		F92F52E12314081D001E39B8 /* Debug */ = {
			isa = XCBuildConfiguration;
			baseConfigurationReference = 4D74A206B598F9ACBA9FD7C7 /* Pods-TaylorTests.debug.xcconfig */;
			buildSettings = {
				ALWAYS_EMBED_SWIFT_STANDARD_LIBRARIES = YES;
				BUNDLE_LOADER = "$(TEST_HOST)";
				CODE_SIGN_STYLE = Automatic;
				INFOPLIST_FILE = TaylorTests/Info.plist;
				LD_RUNPATH_SEARCH_PATHS = (
					"$(inherited)",
					"@executable_path/Frameworks",
					"@loader_path/Frameworks",
				);
				PRODUCT_BUNDLE_IDENTIFIER = com.projetPerso.TaylorTests;
				PRODUCT_NAME = "$(TARGET_NAME)";
				SWIFT_VERSION = 5.0;
				TARGETED_DEVICE_FAMILY = "1,2";
				TEST_HOST = "$(BUILT_PRODUCTS_DIR)/Taylor.app/Taylor";
			};
			name = Debug;
		};
		F92F52E22314081D001E39B8 /* Release */ = {
			isa = XCBuildConfiguration;
			baseConfigurationReference = 8356A76FA1D8ECF8830C0DC7 /* Pods-TaylorTests.release.xcconfig */;
			buildSettings = {
				ALWAYS_EMBED_SWIFT_STANDARD_LIBRARIES = YES;
				BUNDLE_LOADER = "$(TEST_HOST)";
				CODE_SIGN_STYLE = Automatic;
				INFOPLIST_FILE = TaylorTests/Info.plist;
				LD_RUNPATH_SEARCH_PATHS = (
					"$(inherited)",
					"@executable_path/Frameworks",
					"@loader_path/Frameworks",
				);
				PRODUCT_BUNDLE_IDENTIFIER = com.projetPerso.TaylorTests;
				PRODUCT_NAME = "$(TARGET_NAME)";
				SWIFT_VERSION = 5.0;
				TARGETED_DEVICE_FAMILY = "1,2";
				TEST_HOST = "$(BUILT_PRODUCTS_DIR)/Taylor.app/Taylor";
			};
			name = Release;
		};
		F92F52E42314081D001E39B8 /* Debug */ = {
			isa = XCBuildConfiguration;
			baseConfigurationReference = 05FF0045ABCB99E4DCF77C96 /* Pods-TaylorUITests.debug.xcconfig */;
			buildSettings = {
				ALWAYS_EMBED_SWIFT_STANDARD_LIBRARIES = YES;
				CODE_SIGN_STYLE = Automatic;
				INFOPLIST_FILE = TaylorUITests/Info.plist;
				LD_RUNPATH_SEARCH_PATHS = (
					"$(inherited)",
					"@executable_path/Frameworks",
					"@loader_path/Frameworks",
				);
				PRODUCT_BUNDLE_IDENTIFIER = com.projetPerso.TaylorUITests;
				PRODUCT_NAME = "$(TARGET_NAME)";
				SWIFT_VERSION = 5.0;
				TARGETED_DEVICE_FAMILY = "1,2";
				TEST_TARGET_NAME = Taylor;
			};
			name = Debug;
		};
		F92F52E52314081D001E39B8 /* Release */ = {
			isa = XCBuildConfiguration;
			baseConfigurationReference = 8355C2CE616AEF9D08B92227 /* Pods-TaylorUITests.release.xcconfig */;
			buildSettings = {
				ALWAYS_EMBED_SWIFT_STANDARD_LIBRARIES = YES;
				CODE_SIGN_STYLE = Automatic;
				INFOPLIST_FILE = TaylorUITests/Info.plist;
				LD_RUNPATH_SEARCH_PATHS = (
					"$(inherited)",
					"@executable_path/Frameworks",
					"@loader_path/Frameworks",
				);
				PRODUCT_BUNDLE_IDENTIFIER = com.projetPerso.TaylorUITests;
				PRODUCT_NAME = "$(TARGET_NAME)";
				SWIFT_VERSION = 5.0;
				TARGETED_DEVICE_FAMILY = "1,2";
				TEST_TARGET_NAME = Taylor;
			};
			name = Release;
		};
/* End XCBuildConfiguration section */

/* Begin XCConfigurationList section */
		F92F52AE2314081C001E39B8 /* Build configuration list for PBXProject "Taylor" */ = {
			isa = XCConfigurationList;
			buildConfigurations = (
				F92F52DB2314081D001E39B8 /* Debug */,
				F92F52DC2314081D001E39B8 /* Release */,
			);
			defaultConfigurationIsVisible = 0;
			defaultConfigurationName = Release;
		};
		F92F52DD2314081D001E39B8 /* Build configuration list for PBXNativeTarget "Taylor" */ = {
			isa = XCConfigurationList;
			buildConfigurations = (
				F92F52DE2314081D001E39B8 /* Debug */,
				F92F52DF2314081D001E39B8 /* Release */,
			);
			defaultConfigurationIsVisible = 0;
			defaultConfigurationName = Release;
		};
		F92F52E02314081D001E39B8 /* Build configuration list for PBXNativeTarget "TaylorTests" */ = {
			isa = XCConfigurationList;
			buildConfigurations = (
				F92F52E12314081D001E39B8 /* Debug */,
				F92F52E22314081D001E39B8 /* Release */,
			);
			defaultConfigurationIsVisible = 0;
			defaultConfigurationName = Release;
		};
		F92F52E32314081D001E39B8 /* Build configuration list for PBXNativeTarget "TaylorUITests" */ = {
			isa = XCConfigurationList;
			buildConfigurations = (
				F92F52E42314081D001E39B8 /* Debug */,
				F92F52E52314081D001E39B8 /* Release */,
			);
			defaultConfigurationIsVisible = 0;
			defaultConfigurationName = Release;
		};
/* End XCConfigurationList section */

/* Begin XCVersionGroup section */
		F91ABE17231EEBF900B341A7 /* PersistentData.xcdatamodeld */ = {
			isa = XCVersionGroup;
			children = (
				F91ABE18231EEBF900B341A7 /* PersistentData.xcdatamodel */,
			);
			currentVersion = F91ABE18231EEBF900B341A7 /* PersistentData.xcdatamodel */;
			path = PersistentData.xcdatamodeld;
			sourceTree = "<group>";
			versionGroupType = wrapper.xcdatamodel;
		};
/* End XCVersionGroup section */
	};
	rootObject = F92F52AB2314081C001E39B8 /* Project object */;
}
